
Microsoft Visual Studio Solution File, Format Version 12.00
# Visual Studio Version 16
VisualStudioVersion = 16.0.34114.132
MinimumVisualStudioVersion = 10.0.40219.1
Project("{F184B08F-C81C-45F6-A57F-5ABD9991F28F}") = "Contactos_webform_asp_vb", "Contactos_webform_asp_vb.vbproj", "{F5D06232-5179-4DC7-B875-F3F80A901361}"
EndProject
Global
	GlobalSection(SolutionConfigurationPlatforms) = preSolution
		Debug|Any CPU = Debug|Any CPU
		Release|Any CPU = Release|Any CPU
	EndGlobalSection
	GlobalSection(ProjectConfigurationPlatforms) = postSolution
		{F5D06232-5179-4DC7-B875-F3F80A901361}.Debug|Any CPU.ActiveCfg = Debug|Any CPU
		{F5D06232-5179-4DC7-B875-F3F80A901361}.Debug|Any CPU.Build.0 = Debug|Any CPU
		{F5D06232-5179-4DC7-B875-F3F80A901361}.Release|Any CPU.ActiveCfg = Release|Any CPU
		{F5D06232-5179-4DC7-B875-F3F80A901361}.Release|Any CPU.Build.0 = Release|Any CPU
	EndGlobalSection
	GlobalSection(SolutionProperties) = preSolution
		HideSolutionNode = FALSE
	EndGlobalSection
	GlobalSection(ExtensibilityGlobals) = postSolution
		SolutionGuid = {00E58EC1-FC04-4A89-B46F-6EF0F7E0ADBA}
	EndGlobalSection
EndGlobal
